// !$*UTF8*$!
{
	archiveVersion = 1;
	classes = {
	};
	objectVersion = 50;
	objects = {

/* Begin PBXBuildFile section */
		04C9333D782D3671A029D1B3 /* libPods-GoogleWebRTCDemoApp.a in Frameworks */ = {isa = PBXBuildFile; fileRef = 3A5717E441F993731430442C /* libPods-GoogleWebRTCDemoApp.a */; };
		160DE13B20F5E032006B5BFE /* AppDelegate.m in Sources */ = {isa = PBXBuildFile; fileRef = 160DE13A20F5E032006B5BFE /* AppDelegate.m */; };
		160DE13E20F5E032006B5BFE /* ViewController.m in Sources */ = {isa = PBXBuildFile; fileRef = 160DE13D20F5E032006B5BFE /* ViewController.m */; };
		160DE14120F5E032006B5BFE /* Main.storyboard in Resources */ = {isa = PBXBuildFile; fileRef = 160DE13F20F5E032006B5BFE /* Main.storyboard */; };
		160DE14320F5E034006B5BFE /* Assets.xcassets in Resources */ = {isa = PBXBuildFile; fileRef = 160DE14220F5E034006B5BFE /* Assets.xcassets */; };
		160DE14620F5E034006B5BFE /* LaunchScreen.storyboard in Resources */ = {isa = PBXBuildFile; fileRef = 160DE14420F5E034006B5BFE /* LaunchScreen.storyboard */; };
		160DE14920F5E034006B5BFE /* main.m in Sources */ = {isa = PBXBuildFile; fileRef = 160DE14820F5E034006B5BFE /* main.m */; };
		16D1409F2122B37E001C3273 /* ARTCVideoChatViewController.m in Sources */ = {isa = PBXBuildFile; fileRef = 16D1409D2122B37E001C3273 /* ARTCVideoChatViewController.m */; };
/* End PBXBuildFile section */

/* Begin PBXFileReference section */
		160DE13620F5E032006B5BFE /* GoogleWebRTCDemoApp.app */ = {isa = PBXFileReference; explicitFileType = wrapper.application; includeInIndex = 0; path = GoogleWebRTCDemoApp.app; sourceTree = BUILT_PRODUCTS_DIR; };
		160DE13920F5E032006B5BFE /* AppDelegate.h */ = {isa = PBXFileReference; lastKnownFileType = sourcecode.c.h; path = AppDelegate.h; sourceTree = "<group>"; };
		160DE13A20F5E032006B5BFE /* AppDelegate.m */ = {isa = PBXFileReference; lastKnownFileType = sourcecode.c.objc; path = AppDelegate.m; sourceTree = "<group>"; };
		160DE13C20F5E032006B5BFE /* ViewController.h */ = {isa = PBXFileReference; lastKnownFileType = sourcecode.c.h; path = ViewController.h; sourceTree = "<group>"; };
		160DE13D20F5E032006B5BFE /* ViewController.m */ = {isa = PBXFileReference; lastKnownFileType = sourcecode.c.objc; path = ViewController.m; sourceTree = "<group>"; };
		160DE14020F5E032006B5BFE /* Base */ = {isa = PBXFileReference; lastKnownFileType = file.storyboard; name = Base; path = Base.lproj/Main.storyboard; sourceTree = "<group>"; };
		160DE14220F5E034006B5BFE /* Assets.xcassets */ = {isa = PBXFileReference; lastKnownFileType = folder.assetcatalog; path = Assets.xcassets; sourceTree = "<group>"; };
		160DE14520F5E034006B5BFE /* Base */ = {isa = PBXFileReference; lastKnownFileType = file.storyboard; name = Base; path = Base.lproj/LaunchScreen.storyboard; sourceTree = "<group>"; };
		160DE14720F5E034006B5BFE /* Info.plist */ = {isa = PBXFileReference; lastKnownFileType = text.plist.xml; path = Info.plist; sourceTree = "<group>"; };
		160DE14820F5E034006B5BFE /* main.m */ = {isa = PBXFileReference; lastKnownFileType = sourcecode.c.objc; path = main.m; sourceTree = "<group>"; };
		16D1409D2122B37E001C3273 /* ARTCVideoChatViewController.m */ = {isa = PBXFileReference; fileEncoding = 4; lastKnownFileType = sourcecode.c.objc; path = ARTCVideoChatViewController.m; sourceTree = "<group>"; };
		16D1409E2122B37E001C3273 /* ARTCVideoChatViewController.h */ = {isa = PBXFileReference; fileEncoding = 4; lastKnownFileType = sourcecode.c.h; path = ARTCVideoChatViewController.h; sourceTree = "<group>"; };
		29DEC31BD02E88B8A54B1040 /* Pods-GoogleWebRTCDemoApp.release.xcconfig */ = {isa = PBXFileReference; includeInIndex = 1; lastKnownFileType = text.xcconfig; name = "Pods-GoogleWebRTCDemoApp.release.xcconfig"; path = "Pods/Target Support Files/Pods-GoogleWebRTCDemoApp/Pods-GoogleWebRTCDemoApp.release.xcconfig"; sourceTree = "<group>"; };
		3A5717E441F993731430442C /* libPods-GoogleWebRTCDemoApp.a */ = {isa = PBXFileReference; explicitFileType = archive.ar; includeInIndex = 0; path = "libPods-GoogleWebRTCDemoApp.a"; sourceTree = BUILT_PRODUCTS_DIR; };
		757EFEA00304AABFAFD390EE /* Pods-GoogleWebRTCDemoApp.debug.xcconfig */ = {isa = PBXFileReference; includeInIndex = 1; lastKnownFileType = text.xcconfig; name = "Pods-GoogleWebRTCDemoApp.debug.xcconfig"; path = "Pods/Target Support Files/Pods-GoogleWebRTCDemoApp/Pods-GoogleWebRTCDemoApp.debug.xcconfig"; sourceTree = "<group>"; };
/* End PBXFileReference section */

/* Begin PBXFrameworksBuildPhase section */
		160DE13320F5E032006B5BFE /* Frameworks */ = {
			isa = PBXFrameworksBuildPhase;
			buildActionMask = 2147483647;
			files = (
				04C9333D782D3671A029D1B3 /* libPods-GoogleWebRTCDemoApp.a in Frameworks */,
			);
			runOnlyForDeploymentPostprocessing = 0;
		};
/* End PBXFrameworksBuildPhase section */

/* Begin PBXGroup section */
		160DE12D20F5E032006B5BFE = {
			isa = PBXGroup;
			children = (
				160DE13820F5E032006B5BFE /* GoogleWebRTCDemoApp */,
				160DE13720F5E032006B5BFE /* Products */,
				C53FF80C13A49F1DC969623B /* Pods */,
				7A4901B770B4A4E3733B5A02 /* Frameworks */,
			);
			sourceTree = "<group>";
		};
		160DE13720F5E032006B5BFE /* Products */ = {
			isa = PBXGroup;
			children = (
				160DE13620F5E032006B5BFE /* GoogleWebRTCDemoApp.app */,
			);
			name = Products;
			sourceTree = "<group>";
		};
		160DE13820F5E032006B5BFE /* GoogleWebRTCDemoApp */ = {
			isa = PBXGroup;
			children = (
				160DE13920F5E032006B5BFE /* AppDelegate.h */,
				160DE13A20F5E032006B5BFE /* AppDelegate.m */,
				160DE13C20F5E032006B5BFE /* ViewController.h */,
				160DE13D20F5E032006B5BFE /* ViewController.m */,
				16D1409E2122B37E001C3273 /* ARTCVideoChatViewController.h */,
				16D1409D2122B37E001C3273 /* ARTCVideoChatViewController.m */,
				160DE13F20F5E032006B5BFE /* Main.storyboard */,
				160DE14220F5E034006B5BFE /* Assets.xcassets */,
				160DE14420F5E034006B5BFE /* LaunchScreen.storyboard */,
				160DE14720F5E034006B5BFE /* Info.plist */,
				160DE14820F5E034006B5BFE /* main.m */,
			);
			path = GoogleWebRTCDemoApp;
			sourceTree = "<group>";
		};
		7A4901B770B4A4E3733B5A02 /* Frameworks */ = {
			isa = PBXGroup;
			children = (
				3A5717E441F993731430442C /* libPods-GoogleWebRTCDemoApp.a */,
			);
			name = Frameworks;
			sourceTree = "<group>";
		};
		C53FF80C13A49F1DC969623B /* Pods */ = {
			isa = PBXGroup;
			children = (
				757EFEA00304AABFAFD390EE /* Pods-GoogleWebRTCDemoApp.debug.xcconfig */,
				29DEC31BD02E88B8A54B1040 /* Pods-GoogleWebRTCDemoApp.release.xcconfig */,
			);
			name = Pods;
			sourceTree = "<group>";
		};
/* End PBXGroup section */

/* Begin PBXNativeTarget section */
		160DE13520F5E032006B5BFE /* GoogleWebRTCDemoApp */ = {
			isa = PBXNativeTarget;
			buildConfigurationList = 160DE14C20F5E034006B5BFE /* Build configuration list for PBXNativeTarget "GoogleWebRTCDemoApp" */;
			buildPhases = (
				0E79640D56FACE1AE142B97A /* [CP] Check Pods Manifest.lock */,
				160DE13220F5E032006B5BFE /* Sources */,
				160DE13320F5E032006B5BFE /* Frameworks */,
				160DE13420F5E032006B5BFE /* Resources */,
				B420090B306AB3E0EF145677 /* [CP] Embed Pods Frameworks */,
			);
			buildRules = (
			);
			dependencies = (
			);
			name = GoogleWebRTCDemoApp;
			productName = GoogleWebRTCDemoApp;
			productReference = 160DE13620F5E032006B5BFE /* GoogleWebRTCDemoApp.app */;
			productType = "com.apple.product-type.application";
		};
/* End PBXNativeTarget section */

/* Begin PBXProject section */
		160DE12E20F5E032006B5BFE /* Project object */ = {
			isa = PBXProject;
			attributes = {
				LastUpgradeCheck = 0930;
				ORGANIZATIONNAME = "Anant Kannaik";
				TargetAttributes = {
					160DE13520F5E032006B5BFE = {
						CreatedOnToolsVersion = 9.3;
					};
				};
			};
			buildConfigurationList = 160DE13120F5E032006B5BFE /* Build configuration list for PBXProject "GoogleWebRTCDemoApp" */;
			compatibilityVersion = "Xcode 9.3";
			developmentRegion = en;
			hasScannedForEncodings = 0;
			knownRegions = (
				en,
				Base,
			);
			mainGroup = 160DE12D20F5E032006B5BFE;
			productRefGroup = 160DE13720F5E032006B5BFE /* Products */;
			projectDirPath = "";
			projectRoot = "";
			targets = (
				160DE13520F5E032006B5BFE /* GoogleWebRTCDemoApp */,
			);
		};
/* End PBXProject section */

/* Begin PBXResourcesBuildPhase section */
		160DE13420F5E032006B5BFE /* Resources */ = {
			isa = PBXResourcesBuildPhase;
			buildActionMask = 2147483647;
			files = (
				160DE14620F5E034006B5BFE /* LaunchScreen.storyboard in Resources */,
				160DE14320F5E034006B5BFE /* Assets.xcassets in Resources */,
				160DE14120F5E032006B5BFE /* Main.storyboard in Resources */,
			);
			runOnlyForDeploymentPostprocessing = 0;
		};
/* End PBXResourcesBuildPhase section */

/* Begin PBXShellScriptBuildPhase section */
		0E79640D56FACE1AE142B97A /* [CP] Check Pods Manifest.lock */ = {
			isa = PBXShellScriptBuildPhase;
			buildActionMask = 2147483647;
			files = (
			);
			inputPaths = (
				"${PODS_PODFILE_DIR_PATH}/Podfile.lock",
				"${PODS_ROOT}/Manifest.lock",
			);
			name = "[CP] Check Pods Manifest.lock";
			outputPaths = (
				"$(DERIVED_FILE_DIR)/Pods-GoogleWebRTCDemoApp-checkManifestLockResult.txt",
			);
			runOnlyForDeploymentPostprocessing = 0;
			shellPath = /bin/sh;
			shellScript = "diff \"${PODS_PODFILE_DIR_PATH}/Podfile.lock\" \"${PODS_ROOT}/Manifest.lock\" > /dev/null\nif [ $? != 0 ] ; then\n    # print error to STDERR\n    echo \"error: The sandbox is not in sync with the Podfile.lock. Run 'pod install' or update your CocoaPods installation.\" >&2\n    exit 1\nfi\n# This output is used by Xcode 'outputs' to avoid re-running this script phase.\necho \"SUCCESS\" > \"${SCRIPT_OUTPUT_FILE_0}\"\n";
			showEnvVarsInLog = 0;
		};
		B420090B306AB3E0EF145677 /* [CP] Embed Pods Frameworks */ = {
			isa = PBXShellScriptBuildPhase;
			buildActionMask = 2147483647;
			files = (
			);
			inputPaths = (
				"${SRCROOT}/Pods/Target Support Files/Pods-GoogleWebRTCDemoApp/Pods-GoogleWebRTCDemoApp-frameworks.sh",
				"${PODS_ROOT}/GoogleWebRTC/Frameworks/frameworks/WebRTC.framework",
			);
			name = "[CP] Embed Pods Frameworks";
			outputPaths = (
				"${TARGET_BUILD_DIR}/${FRAMEWORKS_FOLDER_PATH}/WebRTC.framework",
			);
			runOnlyForDeploymentPostprocessing = 0;
			shellPath = /bin/sh;
			shellScript = "\"${SRCROOT}/Pods/Target Support Files/Pods-GoogleWebRTCDemoApp/Pods-GoogleWebRTCDemoApp-frameworks.sh\"\n";
			showEnvVarsInLog = 0;
		};
/* End PBXShellScriptBuildPhase section */

/* Begin PBXSourcesBuildPhase section */
		160DE13220F5E032006B5BFE /* Sources */ = {
			isa = PBXSourcesBuildPhase;
			buildActionMask = 2147483647;
			files = (
				16D1409F2122B37E001C3273 /* ARTCVideoChatViewController.m in Sources */,
				160DE13E20F5E032006B5BFE /* ViewController.m in Sources */,
				160DE14920F5E034006B5BFE /* main.m in Sources */,
				160DE13B20F5E032006B5BFE /* AppDelegate.m in Sources */,
			);
			runOnlyForDeploymentPostprocessing = 0;
		};
/* End PBXSourcesBuildPhase section */

/* Begin PBXVariantGroup section */
		160DE13F20F5E032006B5BFE /* Main.storyboard */ = {
			isa = PBXVariantGroup;
			children = (
				160DE14020F5E032006B5BFE /* Base */,
			);
			name = Main.storyboard;
			sourceTree = "<group>";
		};
		160DE14420F5E034006B5BFE /* LaunchScreen.storyboard */ = {
			isa = PBXVariantGroup;
			children = (
				160DE14520F5E034006B5BFE /* Base */,
			);
			name = LaunchScreen.storyboard;
			sourceTree = "<group>";
		};
/* End PBXVariantGroup section */

/* Begin XCBuildConfiguration section */
		160DE14A20F5E034006B5BFE /* Debug */ = {
			isa = XCBuildConfiguration;
			buildSettings = {
				ALWAYS_SEARCH_USER_PATHS = NO;
				CLANG_ANALYZER_NONNULL = YES;
				CLANG_ANALYZER_NUMBER_OBJECT_CONVERSION = YES_AGGRESSIVE;
				CLANG_CXX_LANGUAGE_STANDARD = "gnu++14";
				CLANG_CXX_LIBRARY = "libc++";
				CLANG_ENABLE_MODULES = YES;
				CLANG_ENABLE_OBJC_ARC = YES;
				CLANG_ENABLE_OBJC_WEAK = YES;
				CLANG_WARN_BLOCK_CAPTURE_AUTORELEASING = YES;
				CLANG_WARN_BOOL_CONVERSION = YES;
				CLANG_WARN_COMMA = YES;
				CLANG_WARN_CONSTANT_CONVERSION = YES;
				CLANG_WARN_DEPRECATED_OBJC_IMPLEMENTATIONS = YES;
				CLANG_WARN_DIRECT_OBJC_ISA_USAGE = YES_ERROR;
				CLANG_WARN_DOCUMENTATION_COMMENTS = YES;
				CLANG_WARN_EMPTY_BODY = YES;
				CLANG_WARN_ENUM_CONVERSION = YES;
				CLANG_WARN_INFINITE_RECURSION = YES;
				CLANG_WARN_INT_CONVERSION = YES;
				CLANG_WARN_NON_LITERAL_NULL_CONVERSION = YES;
				CLANG_WARN_OBJC_IMPLICIT_RETAIN_SELF = YES;
				CLANG_WARN_OBJC_LITERAL_CONVERSION = YES;
				CLANG_WARN_OBJC_ROOT_CLASS = YES_ERROR;
				CLANG_WARN_RANGE_LOOP_ANALYSIS = YES;
				CLANG_WARN_STRICT_PROTOTYPES = YES;
				CLANG_WARN_SUSPICIOUS_MOVE = YES;
				CLANG_WARN_UNGUARDED_AVAILABILITY = YES_AGGRESSIVE;
				CLANG_WARN_UNREACHABLE_CODE = YES;
				CLANG_WARN__DUPLICATE_METHOD_MATCH = YES;
				CODE_SIGN_IDENTITY = "iPhone Developer";
				COPY_PHASE_STRIP = NO;
				DEBUG_INFORMATION_FORMAT = dwarf;
				ENABLE_STRICT_OBJC_MSGSEND = YES;
				ENABLE_TESTABILITY = YES;
				GCC_C_LANGUAGE_STANDARD = gnu11;
				GCC_DYNAMIC_NO_PIC = NO;
				GCC_NO_COMMON_BLOCKS = YES;
				GCC_OPTIMIZATION_LEVEL = 0;
				GCC_PREPROCESSOR_DEFINITIONS = (
					"DEBUG=1",
					"$(inherited)",
				);
				GCC_WARN_64_TO_32_BIT_CONVERSION = YES;
				GCC_WARN_ABOUT_RETURN_TYPE = YES_ERROR;
				GCC_WARN_UNDECLARED_SELECTOR = YES;
				GCC_WARN_UNINITIALIZED_AUTOS = YES_AGGRESSIVE;
				GCC_WARN_UNUSED_FUNCTION = YES;
				GCC_WARN_UNUSED_VARIABLE = YES;
				IPHONEOS_DEPLOYMENT_TARGET = 11.3;
				MTL_ENABLE_DEBUG_INFO = YES;
				ONLY_ACTIVE_ARCH = YES;
				SDKROOT = iphoneos;
			};
			name = Debug;
		};
		160DE14B20F5E034006B5BFE /* Release */ = {
			isa = XCBuildConfiguration;
			buildSettings = {
				ALWAYS_SEARCH_USER_PATHS = NO;
				CLANG_ANALYZER_NONNULL = YES;
				CLANG_ANALYZER_NUMBER_OBJECT_CONVERSION = YES_AGGRESSIVE;
				CLANG_CXX_LANGUAGE_STANDARD = "gnu++14";
				CLANG_CXX_LIBRARY = "libc++";
				CLANG_ENABLE_MODULES = YES;
				CLANG_ENABLE_OBJC_ARC = YES;
				CLANG_ENABLE_OBJC_WEAK = YES;
				CLANG_WARN_BLOCK_CAPTURE_AUTORELEASING = YES;
				CLANG_WARN_BOOL_CONVERSION = YES;
				CLANG_WARN_COMMA = YES;
				CLANG_WARN_CONSTANT_CONVERSION = YES;
				CLANG_WARN_DEPRECATED_OBJC_IMPLEMENTATIONS = YES;
				CLANG_WARN_DIRECT_OBJC_ISA_USAGE = YES_ERROR;
				CLANG_WARN_DOCUMENTATION_COMMENTS = YES;
				CLANG_WARN_EMPTY_BODY = YES;
				CLANG_WARN_ENUM_CONVERSION = YES;
				CLANG_WARN_INFINITE_RECURSION = YES;
				CLANG_WARN_INT_CONVERSION = YES;
				CLANG_WARN_NON_LITERAL_NULL_CONVERSION = YES;
				CLANG_WARN_OBJC_IMPLICIT_RETAIN_SELF = YES;
				CLANG_WARN_OBJC_LITERAL_CONVERSION = YES;
				CLANG_WARN_OBJC_ROOT_CLASS = YES_ERROR;
				CLANG_WARN_RANGE_LOOP_ANALYSIS = YES;
				CLANG_WARN_STRICT_PROTOTYPES = YES;
				CLANG_WARN_SUSPICIOUS_MOVE = YES;
				CLANG_WARN_UNGUARDED_AVAILABILITY = YES_AGGRESSIVE;
				CLANG_WARN_UNREACHABLE_CODE = YES;
				CLANG_WARN__DUPLICATE_METHOD_MATCH = YES;
				CODE_SIGN_IDENTITY = "iPhone Developer";
				COPY_PHASE_STRIP = NO;
				DEBUG_INFORMATION_FORMAT = "dwarf-with-dsym";
				ENABLE_NS_ASSERTIONS = NO;
				ENABLE_STRICT_OBJC_MSGSEND = YES;
				GCC_C_LANGUAGE_STANDARD = gnu11;
				GCC_NO_COMMON_BLOCKS = YES;
				GCC_WARN_64_TO_32_BIT_CONVERSION = YES;
				GCC_WARN_ABOUT_RETURN_TYPE = YES_ERROR;
				GCC_WARN_UNDECLARED_SELECTOR = YES;
				GCC_WARN_UNINITIALIZED_AUTOS = YES_AGGRESSIVE;
				GCC_WARN_UNUSED_FUNCTION = YES;
				GCC_WARN_UNUSED_VARIABLE = YES;
				IPHONEOS_DEPLOYMENT_TARGET = 11.3;
				MTL_ENABLE_DEBUG_INFO = NO;
				SDKROOT = iphoneos;
				VALIDATE_PRODUCT = YES;
			};
			name = Release;
		};
		160DE14D20F5E034006B5BFE /* Debug */ = {
			isa = XCBuildConfiguration;
			baseConfigurationReference = 757EFEA00304AABFAFD390EE /* Pods-GoogleWebRTCDemoApp.debug.xcconfig */;
			buildSettings = {
				ASSETCATALOG_COMPILER_APPICON_NAME = AppIcon;
				CODE_SIGN_STYLE = Automatic;
				DEVELOPMENT_TEAM = 3DV85RL7V3;
				ENABLE_BITCODE = NO;
				INFOPLIST_FILE = GoogleWebRTCDemoApp/Info.plist;
				IPHONEOS_DEPLOYMENT_TARGET = 9.0;
				LD_RUNPATH_SEARCH_PATHS = (
					"$(inherited)",
					"@executable_path/Frameworks",
				);
				PRODUCT_BUNDLE_IDENTIFIER = com.cci.GoogleWebRTCDemoApp;
				PRODUCT_NAME = "$(TARGET_NAME)";
				TARGETED_DEVICE_FAMILY = "1,2";
			};
			name = Debug;
		};
		160DE14E20F5E034006B5BFE /* Release */ = {
			isa = XCBuildConfiguration;
			baseConfigurationReference = 29DEC31BD02E88B8A54B1040 /* Pods-GoogleWebRTCDemoApp.release.xcconfig */;
			buildSettings = {
				ASSETCATALOG_COMPILER_APPICON_NAME = AppIcon;
				CODE_SIGN_STYLE = Automatic;
				DEVELOPMENT_TEAM = 3DV85RL7V3;
				ENABLE_BITCODE = NO;
				INFOPLIST_FILE = GoogleWebRTCDemoApp/Info.plist;
				IPHONEOS_DEPLOYMENT_TARGET = 9.0;
				LD_RUNPATH_SEARCH_PATHS = (
					"$(inherited)",
					"@executable_path/Frameworks",
				);
				PRODUCT_BUNDLE_IDENTIFIER = com.cci.GoogleWebRTCDemoApp;
				PRODUCT_NAME = "$(TARGET_NAME)";
				TARGETED_DEVICE_FAMILY = "1,2";
			};
			name = Release;
		};
/* End XCBuildConfiguration section */

/* Begin XCConfigurationList section */
		160DE13120F5E032006B5BFE /* Build configuration list for PBXProject "GoogleWebRTCDemoApp" */ = {
			isa = XCConfigurationList;
			buildConfigurations = (
				160DE14A20F5E034006B5BFE /* Debug */,
				160DE14B20F5E034006B5BFE /* Release */,
			);
			defaultConfigurationIsVisible = 0;
			defaultConfigurationName = Release;
		};
		160DE14C20F5E034006B5BFE /* Build configuration list for PBXNativeTarget "GoogleWebRTCDemoApp" */ = {
			isa = XCConfigurationList;
			buildConfigurations = (
				160DE14D20F5E034006B5BFE /* Debug */,
				160DE14E20F5E034006B5BFE /* Release */,
			);
			defaultConfigurationIsVisible = 0;
			defaultConfigurationName = Release;
		};
/* End XCConfigurationList section */
	};
	rootObject = 160DE12E20F5E032006B5BFE /* Project object */;
}
